
Microsoft Visual Studio Solution File, Format Version 11.00
# Visual Studio 2010
Project("{FAE04EC0-301F-11D3-BF4B-00C04F79EFBC}") = "SoBBS", "SoBBS\SoBBS.csproj", "{14D640F8-AA17-4846-9B95-1162C43F81CA}"
EndProject
Project("{FAE04EC0-301F-11D3-BF4B-00C04F79EFBC}") = "Curses", "Curses\Curses.csproj", "{AAA0A2B8-C020-46A3-A36B-DBD144B603C2}"
EndProject
Global
	GlobalSection(SolutionConfigurationPlatforms) = preSolution
		Debug|x86 = Debug|x86
		Release|x86 = Release|x86
	EndGlobalSection
	GlobalSection(ProjectConfigurationPlatforms) = postSolution
		{14D640F8-AA17-4846-9B95-1162C43F81CA}.Debug|x86.ActiveCfg = Debug|x86
		{14D640F8-AA17-4846-9B95-1162C43F81CA}.Debug|x86.Build.0 = Debug|x86
		{14D640F8-AA17-4846-9B95-1162C43F81CA}.Release|x86.ActiveCfg = Release|x86
		{14D640F8-AA17-4846-9B95-1162C43F81CA}.Release|x86.Build.0 = Release|x86
		{AAA0A2B8-C020-46A3-A36B-DBD144B603C2}.Debug|x86.ActiveCfg = Debug|Any CPU
		{AAA0A2B8-C020-46A3-A36B-DBD144B603C2}.Debug|x86.Build.0 = Debug|Any CPU
		{AAA0A2B8-C020-46A3-A36B-DBD144B603C2}.Release|x86.ActiveCfg = Release|Any CPU
		{AAA0A2B8-C020-46A3-A36B-DBD144B603C2}.Release|x86.Build.0 = Release|Any CPU
	EndGlobalSection
	GlobalSection(MonoDevelopProperties) = preSolution
		StartupItem = SoBBS\SoBBS.csproj
		Policies = $0
		$0.DotNetNamingPolicy = $1
		$1.DirectoryNamespaceAssociation = PrefixedHierarchical
		$1.ResourceNamePolicy = FileFormatDefault
		$0.StandardHeader = $2
		$2.Text = 
		$2.IncludeInNewFiles = True
		$0.NameConventionPolicy = $3
		$3.Rules = $4
		$4.NamingRule = $5
		$5.AffectedEntity = None
		$5.VisibilityMask = VisibilityMask
		$5.NamingStyle = None
		$5.IncludeInstanceMembers = True
		$5.IncludeStaticEntities = True
	EndGlobalSection
	GlobalSection(SolutionProperties) = preSolution
		HideSolutionNode = FALSE
	EndGlobalSection
EndGlobal
